
Microsoft Visual Studio Solution File, Format Version 12.00
# Visual Studio 15
VisualStudioVersion = 15.0.27703.2026
MinimumVisualStudioVersion = 10.0.40219.1
Project("{FAE04EC0-301F-11D3-BF4B-00C04F79EFBC}") = "Ground Truth", "Ground Truth\Ground Truth.csproj", "{C120C4EA-E7B5-4161-AB7A-340D3551FB04}"
EndProject
Global
	GlobalSection(SolutionConfigurationPlatforms) = preSolution
		Debug|Any CPU = Debug|Any CPU
		Release|Any CPU = Release|Any CPU
	EndGlobalSection
	GlobalSection(ProjectConfigurationPlatforms) = postSolution
		{C120C4EA-E7B5-4161-AB7A-340D3551FB04}.Debug|Any CPU.ActiveCfg = Debug|Any CPU
		{C120C4EA-E7B5-4161-AB7A-340D3551FB04}.Debug|Any CPU.Build.0 = Debug|Any CPU
		{C120C4EA-E7B5-4161-AB7A-340D3551FB04}.Release|Any CPU.ActiveCfg = Release|Any CPU
		{C120C4EA-E7B5-4161-AB7A-340D3551FB04}.Release|Any CPU.Build.0 = Release|Any CPU
	EndGlobalSection
	GlobalSection(SolutionProperties) = preSolution
		HideSolutionNode = FALSE
	EndGlobalSection
	GlobalSection(ExtensibilityGlobals) = postSolution
		SolutionGuid = {59FCFF29-C337-43DC-99A5-FCD0032518A2}
	EndGlobalSection
EndGlobal
